// !$*UTF8*$!
{
	archiveVersion = 1;
	classes = {
	};
	objectVersion = 56;
	objects = {

/* Begin PBXBuildFile section */
		7B7B779B2979E41F004FC3EB /* NetworkManager.swift in Sources */ = {isa = PBXBuildFile; fileRef = 7B7B779A2979E41F004FC3EB /* NetworkManager.swift */; };
		7B7B779D2979E441004FC3EB /* Request.swift in Sources */ = {isa = PBXBuildFile; fileRef = 7B7B779C2979E441004FC3EB /* Request.swift */; };
		7B7B779F2979E4B0004FC3EB /* ApiClient.swift in Sources */ = {isa = PBXBuildFile; fileRef = 7B7B779E2979E4B0004FC3EB /* ApiClient.swift */; };
		7B7B77A12979E55C004FC3EB /* NYCSchool.swift in Sources */ = {isa = PBXBuildFile; fileRef = 7B7B77A02979E55C004FC3EB /* NYCSchool.swift */; };
		7B7B77A4297A71C5004FC3EB /* SchoolView.swift in Sources */ = {isa = PBXBuildFile; fileRef = 7B7B77A3297A71C5004FC3EB /* SchoolView.swift */; };
		7B7B77A7297A8368004FC3EB /* Helper.swift in Sources */ = {isa = PBXBuildFile; fileRef = 7B7B77A6297A8368004FC3EB /* Helper.swift */; };
		7B7B77A9297A83C8004FC3EB /* MockUrlProtocol.swift in Sources */ = {isa = PBXBuildFile; fileRef = 7B7B77A8297A83C8004FC3EB /* MockUrlProtocol.swift */; };
		7B7B77AB297A83F0004FC3EB /* NetworkManagerTests.swift in Sources */ = {isa = PBXBuildFile; fileRef = 7B7B77AA297A83F0004FC3EB /* NetworkManagerTests.swift */; };
		7B7B77AE297A8439004FC3EB /* NYCSchools.json in Resources */ = {isa = PBXBuildFile; fileRef = 7B7B77AD297A8439004FC3EB /* NYCSchools.json */; };
		7B7B77B0297A84E2004FC3EB /* NYCSchools_malformed.json in Resources */ = {isa = PBXBuildFile; fileRef = 7B7B77AF297A84E2004FC3EB /* NYCSchools_malformed.json */; };
		7B7B77B2297A87E5004FC3EB /* NYCSchoolSatScore.swift in Sources */ = {isa = PBXBuildFile; fileRef = 7B7B77B1297A87E5004FC3EB /* NYCSchoolSatScore.swift */; };
		7B7B77B6297A8F48004FC3EB /* README.pdf in Resources */ = {isa = PBXBuildFile; fileRef = 7B7B77B5297A8F48004FC3EB /* README.pdf */; };
		7BABC9A429764E82003F5118 /* NYCSchoolApp.swift in Sources */ = {isa = PBXBuildFile; fileRef = 7BABC9A329764E82003F5118 /* NYCSchoolApp.swift */; };
		7BABC9A829764E84003F5118 /* Assets.xcassets in Resources */ = {isa = PBXBuildFile; fileRef = 7BABC9A729764E84003F5118 /* Assets.xcassets */; };
		7BABC9AC29764E84003F5118 /* Preview Assets.xcassets in Resources */ = {isa = PBXBuildFile; fileRef = 7BABC9AB29764E84003F5118 /* Preview Assets.xcassets */; };
		7BABC9C029764E84003F5118 /* NYCSchoolUITests.swift in Sources */ = {isa = PBXBuildFile; fileRef = 7BABC9BF29764E84003F5118 /* NYCSchoolUITests.swift */; };
		7BABC9C229764E84003F5118 /* NYCSchoolUITestsLaunchTests.swift in Sources */ = {isa = PBXBuildFile; fileRef = 7BABC9C129764E84003F5118 /* NYCSchoolUITestsLaunchTests.swift */; };
		7BABC9D329764F42003F5118 /* ListView.swift in Sources */ = {isa = PBXBuildFile; fileRef = 7BABC9D229764F42003F5118 /* ListView.swift */; };
		7BABC9D529764F53003F5118 /* DetailsView.swift in Sources */ = {isa = PBXBuildFile; fileRef = 7BABC9D429764F53003F5118 /* DetailsView.swift */; };
		7BABC9D729764F7B003F5118 /* DetailsViewModel.swift in Sources */ = {isa = PBXBuildFile; fileRef = 7BABC9D629764F7B003F5118 /* DetailsViewModel.swift */; };
		7BABC9D929764F87003F5118 /* ListViewModel.swift in Sources */ = {isa = PBXBuildFile; fileRef = 7BABC9D829764F87003F5118 /* ListViewModel.swift */; };
/* End PBXBuildFile section */

/* Begin PBXContainerItemProxy section */
		7BABC9B229764E84003F5118 /* PBXContainerItemProxy */ = {
			isa = PBXContainerItemProxy;
			containerPortal = 7BABC99829764E82003F5118 /* Project object */;
			proxyType = 1;
			remoteGlobalIDString = 7BABC99F29764E82003F5118;
			remoteInfo = NYCSchool;
		};
		7BABC9BC29764E84003F5118 /* PBXContainerItemProxy */ = {
			isa = PBXContainerItemProxy;
			containerPortal = 7BABC99829764E82003F5118 /* Project object */;
			proxyType = 1;
			remoteGlobalIDString = 7BABC99F29764E82003F5118;
			remoteInfo = NYCSchool;
		};
/* End PBXContainerItemProxy section */

/* Begin PBXFileReference section */
		7B7B779A2979E41F004FC3EB /* NetworkManager.swift */ = {isa = PBXFileReference; lastKnownFileType = sourcecode.swift; path = NetworkManager.swift; sourceTree = "<group>"; };
		7B7B779C2979E441004FC3EB /* Request.swift */ = {isa = PBXFileReference; lastKnownFileType = sourcecode.swift; path = Request.swift; sourceTree = "<group>"; };
		7B7B779E2979E4B0004FC3EB /* ApiClient.swift */ = {isa = PBXFileReference; lastKnownFileType = sourcecode.swift; path = ApiClient.swift; sourceTree = "<group>"; };
		7B7B77A02979E55C004FC3EB /* NYCSchool.swift */ = {isa = PBXFileReference; lastKnownFileType = sourcecode.swift; path = NYCSchool.swift; sourceTree = "<group>"; };
		7B7B77A3297A71C5004FC3EB /* SchoolView.swift */ = {isa = PBXFileReference; lastKnownFileType = sourcecode.swift; path = SchoolView.swift; sourceTree = "<group>"; };
		7B7B77A6297A8368004FC3EB /* Helper.swift */ = {isa = PBXFileReference; lastKnownFileType = sourcecode.swift; path = Helper.swift; sourceTree = "<group>"; };
		7B7B77A8297A83C8004FC3EB /* MockUrlProtocol.swift */ = {isa = PBXFileReference; lastKnownFileType = sourcecode.swift; path = MockUrlProtocol.swift; sourceTree = "<group>"; };
		7B7B77AA297A83F0004FC3EB /* NetworkManagerTests.swift */ = {isa = PBXFileReference; lastKnownFileType = sourcecode.swift; path = NetworkManagerTests.swift; sourceTree = "<group>"; };
		7B7B77AD297A8439004FC3EB /* NYCSchools.json */ = {isa = PBXFileReference; lastKnownFileType = text.json; path = NYCSchools.json; sourceTree = "<group>"; };
		7B7B77AF297A84E2004FC3EB /* NYCSchools_malformed.json */ = {isa = PBXFileReference; lastKnownFileType = text.json; path = NYCSchools_malformed.json; sourceTree = "<group>"; };
		7B7B77B1297A87E5004FC3EB /* NYCSchoolSatScore.swift */ = {isa = PBXFileReference; lastKnownFileType = sourcecode.swift; path = NYCSchoolSatScore.swift; sourceTree = "<group>"; };
		7B7B77B5297A8F48004FC3EB /* README.pdf */ = {isa = PBXFileReference; lastKnownFileType = image.pdf; name = README.pdf; path = ../../README.pdf; sourceTree = "<group>"; };
		7BABC9A029764E82003F5118 /* NYCSchool.app */ = {isa = PBXFileReference; explicitFileType = wrapper.application; includeInIndex = 0; path = NYCSchool.app; sourceTree = BUILT_PRODUCTS_DIR; };
		7BABC9A329764E82003F5118 /* NYCSchoolApp.swift */ = {isa = PBXFileReference; lastKnownFileType = sourcecode.swift; path = NYCSchoolApp.swift; sourceTree = "<group>"; };
		7BABC9A729764E84003F5118 /* Assets.xcassets */ = {isa = PBXFileReference; lastKnownFileType = folder.assetcatalog; path = Assets.xcassets; sourceTree = "<group>"; };
		7BABC9A929764E84003F5118 /* NYCSchool.entitlements */ = {isa = PBXFileReference; lastKnownFileType = text.plist.entitlements; path = NYCSchool.entitlements; sourceTree = "<group>"; };
		7BABC9AB29764E84003F5118 /* Preview Assets.xcassets */ = {isa = PBXFileReference; lastKnownFileType = folder.assetcatalog; path = "Preview Assets.xcassets"; sourceTree = "<group>"; };
		7BABC9B129764E84003F5118 /* NYCSchoolTests.xctest */ = {isa = PBXFileReference; explicitFileType = wrapper.cfbundle; includeInIndex = 0; path = NYCSchoolTests.xctest; sourceTree = BUILT_PRODUCTS_DIR; };
		7BABC9BB29764E84003F5118 /* NYCSchoolUITests.xctest */ = {isa = PBXFileReference; explicitFileType = wrapper.cfbundle; includeInIndex = 0; path = NYCSchoolUITests.xctest; sourceTree = BUILT_PRODUCTS_DIR; };
		7BABC9BF29764E84003F5118 /* NYCSchoolUITests.swift */ = {isa = PBXFileReference; lastKnownFileType = sourcecode.swift; path = NYCSchoolUITests.swift; sourceTree = "<group>"; };
		7BABC9C129764E84003F5118 /* NYCSchoolUITestsLaunchTests.swift */ = {isa = PBXFileReference; lastKnownFileType = sourcecode.swift; path = NYCSchoolUITestsLaunchTests.swift; sourceTree = "<group>"; };
		7BABC9D229764F42003F5118 /* ListView.swift */ = {isa = PBXFileReference; lastKnownFileType = sourcecode.swift; path = ListView.swift; sourceTree = "<group>"; };
		7BABC9D429764F53003F5118 /* DetailsView.swift */ = {isa = PBXFileReference; lastKnownFileType = sourcecode.swift; path = DetailsView.swift; sourceTree = "<group>"; };
		7BABC9D629764F7B003F5118 /* DetailsViewModel.swift */ = {isa = PBXFileReference; lastKnownFileType = sourcecode.swift; path = DetailsViewModel.swift; sourceTree = "<group>"; };
		7BABC9D829764F87003F5118 /* ListViewModel.swift */ = {isa = PBXFileReference; lastKnownFileType = sourcecode.swift; path = ListViewModel.swift; sourceTree = "<group>"; };
/* End PBXFileReference section */

/* Begin PBXFrameworksBuildPhase section */
		7BABC99D29764E82003F5118 /* Frameworks */ = {
			isa = PBXFrameworksBuildPhase;
			buildActionMask = 2147483647;
			files = (
			);
			runOnlyForDeploymentPostprocessing = 0;
		};
		7BABC9AE29764E84003F5118 /* Frameworks */ = {
			isa = PBXFrameworksBuildPhase;
			buildActionMask = 2147483647;
			files = (
			);
			runOnlyForDeploymentPostprocessing = 0;
		};
		7BABC9B829764E84003F5118 /* Frameworks */ = {
			isa = PBXFrameworksBuildPhase;
			buildActionMask = 2147483647;
			files = (
			);
			runOnlyForDeploymentPostprocessing = 0;
		};
/* End PBXFrameworksBuildPhase section */

/* Begin PBXGroup section */
		7B7B77A5297A8353004FC3EB /* Mock */ = {
			isa = PBXGroup;
			children = (
				7B7B77A6297A8368004FC3EB /* Helper.swift */,
				7B7B77A8297A83C8004FC3EB /* MockUrlProtocol.swift */,
				7B7B77AC297A8402004FC3EB /* Resources */,
			);
			path = Mock;
			sourceTree = "<group>";
		};
		7B7B77AC297A8402004FC3EB /* Resources */ = {
			isa = PBXGroup;
			children = (
				7B7B77AD297A8439004FC3EB /* NYCSchools.json */,
				7B7B77AF297A84E2004FC3EB /* NYCSchools_malformed.json */,
			);
			path = Resources;
			sourceTree = "<group>";
		};
		7BABC99729764E82003F5118 = {
			isa = PBXGroup;
			children = (
				7B7B77B5297A8F48004FC3EB /* README.pdf */,
				7BABC9A229764E82003F5118 /* NYCSchool */,
				7BABC9B429764E84003F5118 /* NYCSchoolTests */,
				7BABC9BE29764E84003F5118 /* NYCSchoolUITests */,
				7BABC9A129764E82003F5118 /* Products */,
			);
			sourceTree = "<group>";
		};
		7BABC9A129764E82003F5118 /* Products */ = {
			isa = PBXGroup;
			children = (
				7BABC9A029764E82003F5118 /* NYCSchool.app */,
				7BABC9B129764E84003F5118 /* NYCSchoolTests.xctest */,
				7BABC9BB29764E84003F5118 /* NYCSchoolUITests.xctest */,
			);
			name = Products;
			sourceTree = "<group>";
		};
		7BABC9A229764E82003F5118 /* NYCSchool */ = {
			isa = PBXGroup;
			children = (
				7BABC9CF29764EAA003F5118 /* Shared */,
				7BABC9CE29764E9E003F5118 /* Modules */,
				7BABC9A329764E82003F5118 /* NYCSchoolApp.swift */,
				7BABC9A729764E84003F5118 /* Assets.xcassets */,
				7BABC9A929764E84003F5118 /* NYCSchool.entitlements */,
				7BABC9AA29764E84003F5118 /* Preview Content */,
			);
			path = NYCSchool;
			sourceTree = "<group>";
		};
		7BABC9AA29764E84003F5118 /* Preview Content */ = {
			isa = PBXGroup;
			children = (
				7BABC9AB29764E84003F5118 /* Preview Assets.xcassets */,
			);
			path = "Preview Content";
			sourceTree = "<group>";
		};
		7BABC9B429764E84003F5118 /* NYCSchoolTests */ = {
			isa = PBXGroup;
			children = (
				7B7B77A5297A8353004FC3EB /* Mock */,
				7B7B77AA297A83F0004FC3EB /* NetworkManagerTests.swift */,
			);
			path = NYCSchoolTests;
			sourceTree = "<group>";
		};
		7BABC9BE29764E84003F5118 /* NYCSchoolUITests */ = {
			isa = PBXGroup;
			children = (
				7BABC9BF29764E84003F5118 /* NYCSchoolUITests.swift */,
				7BABC9C129764E84003F5118 /* NYCSchoolUITestsLaunchTests.swift */,
			);
			path = NYCSchoolUITests;
			sourceTree = "<group>";
		};
		7BABC9CE29764E9E003F5118 /* Modules */ = {
			isa = PBXGroup;
			children = (
				7BABC9D129764F00003F5118 /* SchoolDetail */,
				7BABC9D029764EEE003F5118 /* SchoolList */,
			);
			path = Modules;
			sourceTree = "<group>";
		};
		7BABC9CF29764EAA003F5118 /* Shared */ = {
			isa = PBXGroup;
			children = (
				7BABC9DB29764FB4003F5118 /* Models */,
				7BABC9DA29764FA6003F5118 /* Networking */,
			);
			path = Shared;
			sourceTree = "<group>";
		};
		7BABC9D029764EEE003F5118 /* SchoolList */ = {
			isa = PBXGroup;
			children = (
				7BABC9D229764F42003F5118 /* ListView.swift */,
				7BABC9D829764F87003F5118 /* ListViewModel.swift */,
				7B7B77A3297A71C5004FC3EB /* SchoolView.swift */,
			);
			path = SchoolList;
			sourceTree = "<group>";
		};
		7BABC9D129764F00003F5118 /* SchoolDetail */ = {
			isa = PBXGroup;
			children = (
				7BABC9D429764F53003F5118 /* DetailsView.swift */,
				7BABC9D629764F7B003F5118 /* DetailsViewModel.swift */,
			);
			path = SchoolDetail;
			sourceTree = "<group>";
		};
		7BABC9DA29764FA6003F5118 /* Networking */ = {
			isa = PBXGroup;
			children = (
				7B7B779A2979E41F004FC3EB /* NetworkManager.swift */,
				7B7B779C2979E441004FC3EB /* Request.swift */,
				7B7B779E2979E4B0004FC3EB /* ApiClient.swift */,
			);
			path = Networking;
			sourceTree = "<group>";
		};
		7BABC9DB29764FB4003F5118 /* Models */ = {
			isa = PBXGroup;
			children = (
				7B7B77A02979E55C004FC3EB /* NYCSchool.swift */,
				7B7B77B1297A87E5004FC3EB /* NYCSchoolSatScore.swift */,
			);
			path = Models;
			sourceTree = "<group>";
		};
/* End PBXGroup section */

/* Begin PBXNativeTarget section */
		7BABC99F29764E82003F5118 /* NYCSchool */ = {
			isa = PBXNativeTarget;
			buildConfigurationList = 7BABC9C529764E84003F5118 /* Build configuration list for PBXNativeTarget "NYCSchool" */;
			buildPhases = (
				7BABC99C29764E82003F5118 /* Sources */,
				7BABC99D29764E82003F5118 /* Frameworks */,
				7BABC99E29764E82003F5118 /* Resources */,
			);
			buildRules = (
			);
			dependencies = (
			);
			name = NYCSchool;
			productName = NYCSchool;
			productReference = 7BABC9A029764E82003F5118 /* NYCSchool.app */;
			productType = "com.apple.product-type.application";
		};
		7BABC9B029764E84003F5118 /* NYCSchoolTests */ = {
			isa = PBXNativeTarget;
			buildConfigurationList = 7BABC9C829764E84003F5118 /* Build configuration list for PBXNativeTarget "NYCSchoolTests" */;
			buildPhases = (
				7BABC9AD29764E84003F5118 /* Sources */,
				7BABC9AE29764E84003F5118 /* Frameworks */,
				7BABC9AF29764E84003F5118 /* Resources */,
			);
			buildRules = (
			);
			dependencies = (
				7BABC9B329764E84003F5118 /* PBXTargetDependency */,
			);
			name = NYCSchoolTests;
			productName = NYCSchoolTests;
			productReference = 7BABC9B129764E84003F5118 /* NYCSchoolTests.xctest */;
			productType = "com.apple.product-type.bundle.unit-test";
		};
		7BABC9BA29764E84003F5118 /* NYCSchoolUITests */ = {
			isa = PBXNativeTarget;
			buildConfigurationList = 7BABC9CB29764E84003F5118 /* Build configuration list for PBXNativeTarget "NYCSchoolUITests" */;
			buildPhases = (
				7BABC9B729764E84003F5118 /* Sources */,
				7BABC9B829764E84003F5118 /* Frameworks */,
				7BABC9B929764E84003F5118 /* Resources */,
			);
			buildRules = (
			);
			dependencies = (
				7BABC9BD29764E84003F5118 /* PBXTargetDependency */,
			);
			name = NYCSchoolUITests;
			productName = NYCSchoolUITests;
			productReference = 7BABC9BB29764E84003F5118 /* NYCSchoolUITests.xctest */;
			productType = "com.apple.product-type.bundle.ui-testing";
		};
/* End PBXNativeTarget section */

/* Begin PBXProject section */
		7BABC99829764E82003F5118 /* Project object */ = {
			isa = PBXProject;
			attributes = {
				BuildIndependentTargetsInParallel = 1;
				LastSwiftUpdateCheck = 1420;
				LastUpgradeCheck = 1420;
				TargetAttributes = {
					7BABC99F29764E82003F5118 = {
						CreatedOnToolsVersion = 14.2;
					};
					7BABC9B029764E84003F5118 = {
						CreatedOnToolsVersion = 14.2;
						TestTargetID = 7BABC99F29764E82003F5118;
					};
					7BABC9BA29764E84003F5118 = {
						CreatedOnToolsVersion = 14.2;
						TestTargetID = 7BABC99F29764E82003F5118;
					};
				};
			};
			buildConfigurationList = 7BABC99B29764E82003F5118 /* Build configuration list for PBXProject "NYCSchool" */;
			compatibilityVersion = "Xcode 14.0";
			developmentRegion = en;
			hasScannedForEncodings = 0;
			knownRegions = (
				en,
				Base,
			);
			mainGroup = 7BABC99729764E82003F5118;
			productRefGroup = 7BABC9A129764E82003F5118 /* Products */;
			projectDirPath = "";
			projectRoot = "";
			targets = (
				7BABC99F29764E82003F5118 /* NYCSchool */,
				7BABC9B029764E84003F5118 /* NYCSchoolTests */,
				7BABC9BA29764E84003F5118 /* NYCSchoolUITests */,
			);
		};
/* End PBXProject section */

/* Begin PBXResourcesBuildPhase section */
		7BABC99E29764E82003F5118 /* Resources */ = {
			isa = PBXResourcesBuildPhase;
			buildActionMask = 2147483647;
			files = (
				7B7B77B6297A8F48004FC3EB /* README.pdf in Resources */,
				7BABC9AC29764E84003F5118 /* Preview Assets.xcassets in Resources */,
				7BABC9A829764E84003F5118 /* Assets.xcassets in Resources */,
			);
			runOnlyForDeploymentPostprocessing = 0;
		};
		7BABC9AF29764E84003F5118 /* Resources */ = {
			isa = PBXResourcesBuildPhase;
			buildActionMask = 2147483647;
			files = (
				7B7B77B0297A84E2004FC3EB /* NYCSchools_malformed.json in Resources */,
				7B7B77AE297A8439004FC3EB /* NYCSchools.json in Resources */,
			);
			runOnlyForDeploymentPostprocessing = 0;
		};
		7BABC9B929764E84003F5118 /* Resources */ = {
			isa = PBXResourcesBuildPhase;
			buildActionMask = 2147483647;
			files = (
			);
			runOnlyForDeploymentPostprocessing = 0;
		};
/* End PBXResourcesBuildPhase section */

/* Begin PBXSourcesBuildPhase section */
		7BABC99C29764E82003F5118 /* Sources */ = {
			isa = PBXSourcesBuildPhase;
			buildActionMask = 2147483647;
			files = (
				7B7B77B2297A87E5004FC3EB /* NYCSchoolSatScore.swift in Sources */,
				7B7B77A4297A71C5004FC3EB /* SchoolView.swift in Sources */,
				7B7B779D2979E441004FC3EB /* Request.swift in Sources */,
				7B7B779F2979E4B0004FC3EB /* ApiClient.swift in Sources */,
				7BABC9A429764E82003F5118 /* NYCSchoolApp.swift in Sources */,
				7BABC9D929764F87003F5118 /* ListViewModel.swift in Sources */,
				7B7B779B2979E41F004FC3EB /* NetworkManager.swift in Sources */,
				7B7B77A12979E55C004FC3EB /* NYCSchool.swift in Sources */,
				7BABC9D729764F7B003F5118 /* DetailsViewModel.swift in Sources */,
				7BABC9D329764F42003F5118 /* ListView.swift in Sources */,
				7BABC9D529764F53003F5118 /* DetailsView.swift in Sources */,
			);
			runOnlyForDeploymentPostprocessing = 0;
		};
		7BABC9AD29764E84003F5118 /* Sources */ = {
			isa = PBXSourcesBuildPhase;
			buildActionMask = 2147483647;
			files = (
				7B7B77AB297A83F0004FC3EB /* NetworkManagerTests.swift in Sources */,
				7B7B77A9297A83C8004FC3EB /* MockUrlProtocol.swift in Sources */,
				7B7B77A7297A8368004FC3EB /* Helper.swift in Sources */,
			);
			runOnlyForDeploymentPostprocessing = 0;
		};
		7BABC9B729764E84003F5118 /* Sources */ = {
			isa = PBXSourcesBuildPhase;
			buildActionMask = 2147483647;
			files = (
				7BABC9C029764E84003F5118 /* NYCSchoolUITests.swift in Sources */,
				7BABC9C229764E84003F5118 /* NYCSchoolUITestsLaunchTests.swift in Sources */,
			);
			runOnlyForDeploymentPostprocessing = 0;
		};
/* End PBXSourcesBuildPhase section */

/* Begin PBXTargetDependency section */
		7BABC9B329764E84003F5118 /* PBXTargetDependency */ = {
			isa = PBXTargetDependency;
			target = 7BABC99F29764E82003F5118 /* NYCSchool */;
			targetProxy = 7BABC9B229764E84003F5118 /* PBXContainerItemProxy */;
		};
		7BABC9BD29764E84003F5118 /* PBXTargetDependency */ = {
			isa = PBXTargetDependency;
			target = 7BABC99F29764E82003F5118 /* NYCSchool */;
			targetProxy = 7BABC9BC29764E84003F5118 /* PBXContainerItemProxy */;
		};
/* End PBXTargetDependency section */

/* Begin XCBuildConfiguration section */
		7BABC9C329764E84003F5118 /* Debug */ = {
			isa = XCBuildConfiguration;
			buildSettings = {
				ALWAYS_SEARCH_USER_PATHS = NO;
				CLANG_ANALYZER_NONNULL = YES;
				CLANG_ANALYZER_NUMBER_OBJECT_CONVERSION = YES_AGGRESSIVE;
				CLANG_CXX_LANGUAGE_STANDARD = "gnu++20";
				CLANG_ENABLE_MODULES = YES;
				CLANG_ENABLE_OBJC_ARC = YES;
				CLANG_ENABLE_OBJC_WEAK = YES;
				CLANG_WARN_BLOCK_CAPTURE_AUTORELEASING = YES;
				CLANG_WARN_BOOL_CONVERSION = YES;
				CLANG_WARN_COMMA = YES;
				CLANG_WARN_CONSTANT_CONVERSION = YES;
				CLANG_WARN_DEPRECATED_OBJC_IMPLEMENTATIONS = YES;
				CLANG_WARN_DIRECT_OBJC_ISA_USAGE = YES_ERROR;
				CLANG_WARN_DOCUMENTATION_COMMENTS = YES;
				CLANG_WARN_EMPTY_BODY = YES;
				CLANG_WARN_ENUM_CONVERSION = YES;
				CLANG_WARN_INFINITE_RECURSION = YES;
				CLANG_WARN_INT_CONVERSION = YES;
				CLANG_WARN_NON_LITERAL_NULL_CONVERSION = YES;
				CLANG_WARN_OBJC_IMPLICIT_RETAIN_SELF = YES;
				CLANG_WARN_OBJC_LITERAL_CONVERSION = YES;
				CLANG_WARN_OBJC_ROOT_CLASS = YES_ERROR;
				CLANG_WARN_QUOTED_INCLUDE_IN_FRAMEWORK_HEADER = YES;
				CLANG_WARN_RANGE_LOOP_ANALYSIS = YES;
				CLANG_WARN_STRICT_PROTOTYPES = YES;
				CLANG_WARN_SUSPICIOUS_MOVE = YES;
				CLANG_WARN_UNGUARDED_AVAILABILITY = YES_AGGRESSIVE;
				CLANG_WARN_UNREACHABLE_CODE = YES;
				CLANG_WARN__DUPLICATE_METHOD_MATCH = YES;
				COPY_PHASE_STRIP = NO;
				DEBUG_INFORMATION_FORMAT = dwarf;
				ENABLE_STRICT_OBJC_MSGSEND = YES;
				ENABLE_TESTABILITY = YES;
				GCC_C_LANGUAGE_STANDARD = gnu11;
				GCC_DYNAMIC_NO_PIC = NO;
				GCC_NO_COMMON_BLOCKS = YES;
				GCC_OPTIMIZATION_LEVEL = 0;
				GCC_PREPROCESSOR_DEFINITIONS = (
					"DEBUG=1",
					"$(inherited)",
				);
				GCC_WARN_64_TO_32_BIT_CONVERSION = YES;
				GCC_WARN_ABOUT_RETURN_TYPE = YES_ERROR;
				GCC_WARN_UNDECLARED_SELECTOR = YES;
				GCC_WARN_UNINITIALIZED_AUTOS = YES_AGGRESSIVE;
				GCC_WARN_UNUSED_FUNCTION = YES;
				GCC_WARN_UNUSED_VARIABLE = YES;
				MTL_ENABLE_DEBUG_INFO = INCLUDE_SOURCE;
				MTL_FAST_MATH = YES;
				ONLY_ACTIVE_ARCH = YES;
				SWIFT_ACTIVE_COMPILATION_CONDITIONS = DEBUG;
				SWIFT_OPTIMIZATION_LEVEL = "-Onone";
			};
			name = Debug;
		};
		7BABC9C429764E84003F5118 /* Release */ = {
			isa = XCBuildConfiguration;
			buildSettings = {
				ALWAYS_SEARCH_USER_PATHS = NO;
				CLANG_ANALYZER_NONNULL = YES;
				CLANG_ANALYZER_NUMBER_OBJECT_CONVERSION = YES_AGGRESSIVE;
				CLANG_CXX_LANGUAGE_STANDARD = "gnu++20";
				CLANG_ENABLE_MODULES = YES;
				CLANG_ENABLE_OBJC_ARC = YES;
				CLANG_ENABLE_OBJC_WEAK = YES;
				CLANG_WARN_BLOCK_CAPTURE_AUTORELEASING = YES;
				CLANG_WARN_BOOL_CONVERSION = YES;
				CLANG_WARN_COMMA = YES;
				CLANG_WARN_CONSTANT_CONVERSION = YES;
				CLANG_WARN_DEPRECATED_OBJC_IMPLEMENTATIONS = YES;
				CLANG_WARN_DIRECT_OBJC_ISA_USAGE = YES_ERROR;
				CLANG_WARN_DOCUMENTATION_COMMENTS = YES;
				CLANG_WARN_EMPTY_BODY = YES;
				CLANG_WARN_ENUM_CONVERSION = YES;
				CLANG_WARN_INFINITE_RECURSION = YES;
				CLANG_WARN_INT_CONVERSION = YES;
				CLANG_WARN_NON_LITERAL_NULL_CONVERSION = YES;
				CLANG_WARN_OBJC_IMPLICIT_RETAIN_SELF = YES;
				CLANG_WARN_OBJC_LITERAL_CONVERSION = YES;
				CLANG_WARN_OBJC_ROOT_CLASS = YES_ERROR;
				CLANG_WARN_QUOTED_INCLUDE_IN_FRAMEWORK_HEADER = YES;
				CLANG_WARN_RANGE_LOOP_ANALYSIS = YES;
				CLANG_WARN_STRICT_PROTOTYPES = YES;
				CLANG_WARN_SUSPICIOUS_MOVE = YES;
				CLANG_WARN_UNGUARDED_AVAILABILITY = YES_AGGRESSIVE;
				CLANG_WARN_UNREACHABLE_CODE = YES;
				CLANG_WARN__DUPLICATE_METHOD_MATCH = YES;
				COPY_PHASE_STRIP = NO;
				DEBUG_INFORMATION_FORMAT = "dwarf-with-dsym";
				ENABLE_NS_ASSERTIONS = NO;
				ENABLE_STRICT_OBJC_MSGSEND = YES;
				GCC_C_LANGUAGE_STANDARD = gnu11;
				GCC_NO_COMMON_BLOCKS = YES;
				GCC_WARN_64_TO_32_BIT_CONVERSION = YES;
				GCC_WARN_ABOUT_RETURN_TYPE = YES_ERROR;
				GCC_WARN_UNDECLARED_SELECTOR = YES;
				GCC_WARN_UNINITIALIZED_AUTOS = YES_AGGRESSIVE;
				GCC_WARN_UNUSED_FUNCTION = YES;
				GCC_WARN_UNUSED_VARIABLE = YES;
				MTL_ENABLE_DEBUG_INFO = NO;
				MTL_FAST_MATH = YES;
				SWIFT_COMPILATION_MODE = wholemodule;
				SWIFT_OPTIMIZATION_LEVEL = "-O";
			};
			name = Release;
		};
		7BABC9C629764E84003F5118 /* Debug */ = {
			isa = XCBuildConfiguration;
			buildSettings = {
				ASSETCATALOG_COMPILER_APPICON_NAME = AppIcon;
				ASSETCATALOG_COMPILER_GLOBAL_ACCENT_COLOR_NAME = AccentColor;
				CODE_SIGN_ENTITLEMENTS = NYCSchool/NYCSchool.entitlements;
				CODE_SIGN_STYLE = Automatic;
				CURRENT_PROJECT_VERSION = 1;
				DEVELOPMENT_ASSET_PATHS = "\"NYCSchool/Preview Content\"";
				ENABLE_PREVIEWS = YES;
				GENERATE_INFOPLIST_FILE = YES;
				"INFOPLIST_KEY_UIApplicationSceneManifest_Generation[sdk=iphoneos*]" = YES;
				"INFOPLIST_KEY_UIApplicationSceneManifest_Generation[sdk=iphonesimulator*]" = YES;
				"INFOPLIST_KEY_UIApplicationSupportsIndirectInputEvents[sdk=iphoneos*]" = YES;
				"INFOPLIST_KEY_UIApplicationSupportsIndirectInputEvents[sdk=iphonesimulator*]" = YES;
				"INFOPLIST_KEY_UILaunchScreen_Generation[sdk=iphoneos*]" = YES;
				"INFOPLIST_KEY_UILaunchScreen_Generation[sdk=iphonesimulator*]" = YES;
				"INFOPLIST_KEY_UIStatusBarStyle[sdk=iphoneos*]" = UIStatusBarStyleDefault;
				"INFOPLIST_KEY_UIStatusBarStyle[sdk=iphonesimulator*]" = UIStatusBarStyleDefault;
				INFOPLIST_KEY_UISupportedInterfaceOrientations_iPad = "UIInterfaceOrientationPortrait UIInterfaceOrientationPortraitUpsideDown UIInterfaceOrientationLandscapeLeft UIInterfaceOrientationLandscapeRight";
				INFOPLIST_KEY_UISupportedInterfaceOrientations_iPhone = "UIInterfaceOrientationPortrait UIInterfaceOrientationLandscapeLeft UIInterfaceOrientationLandscapeRight";
				IPHONEOS_DEPLOYMENT_TARGET = 16.2;
				LD_RUNPATH_SEARCH_PATHS = "@executable_path/Frameworks";
				"LD_RUNPATH_SEARCH_PATHS[sdk=macosx*]" = "@executable_path/../Frameworks";
				MACOSX_DEPLOYMENT_TARGET = 12.6;
				MARKETING_VERSION = 1.0;
				PRODUCT_BUNDLE_IDENTIFIER = amit.coding.challange.chase.NYCSchool;
				PRODUCT_NAME = "$(TARGET_NAME)";
				SDKROOT = auto;
				SUPPORTED_PLATFORMS = "iphoneos iphonesimulator";
				SUPPORTS_MACCATALYST = NO;
				SUPPORTS_MAC_DESIGNED_FOR_IPHONE_IPAD = NO;
				SWIFT_EMIT_LOC_STRINGS = YES;
				SWIFT_VERSION = 5.0;
				TARGETED_DEVICE_FAMILY = 1;
			};
			name = Debug;
		};
		7BABC9C729764E84003F5118 /* Release */ = {
			isa = XCBuildConfiguration;
			buildSettings = {
				ASSETCATALOG_COMPILER_APPICON_NAME = AppIcon;
				ASSETCATALOG_COMPILER_GLOBAL_ACCENT_COLOR_NAME = AccentColor;
				CODE_SIGN_ENTITLEMENTS = NYCSchool/NYCSchool.entitlements;
				CODE_SIGN_STYLE = Automatic;
				CURRENT_PROJECT_VERSION = 1;
				DEVELOPMENT_ASSET_PATHS = "\"NYCSchool/Preview Content\"";
				ENABLE_PREVIEWS = YES;
				GENERATE_INFOPLIST_FILE = YES;
				"INFOPLIST_KEY_UIApplicationSceneManifest_Generation[sdk=iphoneos*]" = YES;
				"INFOPLIST_KEY_UIApplicationSceneManifest_Generation[sdk=iphonesimulator*]" = YES;
				"INFOPLIST_KEY_UIApplicationSupportsIndirectInputEvents[sdk=iphoneos*]" = YES;
				"INFOPLIST_KEY_UIApplicationSupportsIndirectInputEvents[sdk=iphonesimulator*]" = YES;
				"INFOPLIST_KEY_UILaunchScreen_Generation[sdk=iphoneos*]" = YES;
				"INFOPLIST_KEY_UILaunchScreen_Generation[sdk=iphonesimulator*]" = YES;
				"INFOPLIST_KEY_UIStatusBarStyle[sdk=iphoneos*]" = UIStatusBarStyleDefault;
				"INFOPLIST_KEY_UIStatusBarStyle[sdk=iphonesimulator*]" = UIStatusBarStyleDefault;
				INFOPLIST_KEY_UISupportedInterfaceOrientations_iPad = "UIInterfaceOrientationPortrait UIInterfaceOrientationPortraitUpsideDown UIInterfaceOrientationLandscapeLeft UIInterfaceOrientationLandscapeRight";
				INFOPLIST_KEY_UISupportedInterfaceOrientations_iPhone = "UIInterfaceOrientationPortrait UIInterfaceOrientationLandscapeLeft UIInterfaceOrientationLandscapeRight";
				IPHONEOS_DEPLOYMENT_TARGET = 16.2;
				LD_RUNPATH_SEARCH_PATHS = "@executable_path/Frameworks";
				"LD_RUNPATH_SEARCH_PATHS[sdk=macosx*]" = "@executable_path/../Frameworks";
				MACOSX_DEPLOYMENT_TARGET = 12.6;
				MARKETING_VERSION = 1.0;
				PRODUCT_BUNDLE_IDENTIFIER = amit.coding.challange.chase.NYCSchool;
				PRODUCT_NAME = "$(TARGET_NAME)";
				SDKROOT = auto;
				SUPPORTED_PLATFORMS = "iphoneos iphonesimulator";
				SUPPORTS_MACCATALYST = NO;
				SUPPORTS_MAC_DESIGNED_FOR_IPHONE_IPAD = NO;
				SWIFT_EMIT_LOC_STRINGS = YES;
				SWIFT_VERSION = 5.0;
				TARGETED_DEVICE_FAMILY = 1;
			};
			name = Release;
		};
		7BABC9C929764E84003F5118 /* Debug */ = {
			isa = XCBuildConfiguration;
			buildSettings = {
				ALWAYS_EMBED_SWIFT_STANDARD_LIBRARIES = YES;
				BUNDLE_LOADER = "$(TEST_HOST)";
				CODE_SIGN_STYLE = Automatic;
				CURRENT_PROJECT_VERSION = 1;
				GENERATE_INFOPLIST_FILE = YES;
				IPHONEOS_DEPLOYMENT_TARGET = 16.2;
				MACOSX_DEPLOYMENT_TARGET = 12.6;
				MARKETING_VERSION = 1.0;
				PRODUCT_BUNDLE_IDENTIFIER = amit.coding.challange.chase.NYCSchoolTests;
				PRODUCT_NAME = "$(TARGET_NAME)";
				SDKROOT = auto;
				SUPPORTED_PLATFORMS = "iphoneos iphonesimulator macosx";
				SWIFT_EMIT_LOC_STRINGS = NO;
				SWIFT_VERSION = 5.0;
				TARGETED_DEVICE_FAMILY = "1,2";
				TEST_HOST = "$(BUILT_PRODUCTS_DIR)/NYCSchool.app/$(BUNDLE_EXECUTABLE_FOLDER_PATH)/NYCSchool";
			};
			name = Debug;
		};
		7BABC9CA29764E84003F5118 /* Release */ = {
			isa = XCBuildConfiguration;
			buildSettings = {
				ALWAYS_EMBED_SWIFT_STANDARD_LIBRARIES = YES;
				BUNDLE_LOADER = "$(TEST_HOST)";
				CODE_SIGN_STYLE = Automatic;
				CURRENT_PROJECT_VERSION = 1;
				GENERATE_INFOPLIST_FILE = YES;
				IPHONEOS_DEPLOYMENT_TARGET = 16.2;
				MACOSX_DEPLOYMENT_TARGET = 12.6;
				MARKETING_VERSION = 1.0;
				PRODUCT_BUNDLE_IDENTIFIER = amit.coding.challange.chase.NYCSchoolTests;
				PRODUCT_NAME = "$(TARGET_NAME)";
				SDKROOT = auto;
				SUPPORTED_PLATFORMS = "iphoneos iphonesimulator macosx";
				SWIFT_EMIT_LOC_STRINGS = NO;
				SWIFT_VERSION = 5.0;
				TARGETED_DEVICE_FAMILY = "1,2";
				TEST_HOST = "$(BUILT_PRODUCTS_DIR)/NYCSchool.app/$(BUNDLE_EXECUTABLE_FOLDER_PATH)/NYCSchool";
			};
			name = Release;
		};
		7BABC9CC29764E84003F5118 /* Debug */ = {
			isa = XCBuildConfiguration;
			buildSettings = {
				ALWAYS_EMBED_SWIFT_STANDARD_LIBRARIES = YES;
				CODE_SIGN_STYLE = Automatic;
				CURRENT_PROJECT_VERSION = 1;
				GENERATE_INFOPLIST_FILE = YES;
				IPHONEOS_DEPLOYMENT_TARGET = 16.2;
				MACOSX_DEPLOYMENT_TARGET = 12.6;
				MARKETING_VERSION = 1.0;
				PRODUCT_BUNDLE_IDENTIFIER = amit.coding.challange.chase.NYCSchoolUITests;
				PRODUCT_NAME = "$(TARGET_NAME)";
				SDKROOT = auto;
				SUPPORTED_PLATFORMS = "iphoneos iphonesimulator macosx";
				SWIFT_EMIT_LOC_STRINGS = NO;
				SWIFT_VERSION = 5.0;
				TARGETED_DEVICE_FAMILY = "1,2";
				TEST_TARGET_NAME = NYCSchool;
			};
			name = Debug;
		};
		7BABC9CD29764E84003F5118 /* Release */ = {
			isa = XCBuildConfiguration;
			buildSettings = {
				ALWAYS_EMBED_SWIFT_STANDARD_LIBRARIES = YES;
				CODE_SIGN_STYLE = Automatic;
				CURRENT_PROJECT_VERSION = 1;
				GENERATE_INFOPLIST_FILE = YES;
				IPHONEOS_DEPLOYMENT_TARGET = 16.2;
				MACOSX_DEPLOYMENT_TARGET = 12.6;
				MARKETING_VERSION = 1.0;
				PRODUCT_BUNDLE_IDENTIFIER = amit.coding.challange.chase.NYCSchoolUITests;
				PRODUCT_NAME = "$(TARGET_NAME)";
				SDKROOT = auto;
				SUPPORTED_PLATFORMS = "iphoneos iphonesimulator macosx";
				SWIFT_EMIT_LOC_STRINGS = NO;
				SWIFT_VERSION = 5.0;
				TARGETED_DEVICE_FAMILY = "1,2";
				TEST_TARGET_NAME = NYCSchool;
			};
			name = Release;
		};
/* End XCBuildConfiguration section */

/* Begin XCConfigurationList section */
		7BABC99B29764E82003F5118 /* Build configuration list for PBXProject "NYCSchool" */ = {
			isa = XCConfigurationList;
			buildConfigurations = (
				7BABC9C329764E84003F5118 /* Debug */,
				7BABC9C429764E84003F5118 /* Release */,
			);
			defaultConfigurationIsVisible = 0;
			defaultConfigurationName = Release;
		};
		7BABC9C529764E84003F5118 /* Build configuration list for PBXNativeTarget "NYCSchool" */ = {
			isa = XCConfigurationList;
			buildConfigurations = (
				7BABC9C629764E84003F5118 /* Debug */,
				7BABC9C729764E84003F5118 /* Release */,
			);
			defaultConfigurationIsVisible = 0;
			defaultConfigurationName = Release;
		};
		7BABC9C829764E84003F5118 /* Build configuration list for PBXNativeTarget "NYCSchoolTests" */ = {
			isa = XCConfigurationList;
			buildConfigurations = (
				7BABC9C929764E84003F5118 /* Debug */,
				7BABC9CA29764E84003F5118 /* Release */,
			);
			defaultConfigurationIsVisible = 0;
			defaultConfigurationName = Release;
		};
		7BABC9CB29764E84003F5118 /* Build configuration list for PBXNativeTarget "NYCSchoolUITests" */ = {
			isa = XCConfigurationList;
			buildConfigurations = (
				7BABC9CC29764E84003F5118 /* Debug */,
				7BABC9CD29764E84003F5118 /* Release */,
			);
			defaultConfigurationIsVisible = 0;
			defaultConfigurationName = Release;
		};
/* End XCConfigurationList section */
	};
	rootObject = 7BABC99829764E82003F5118 /* Project object */;
}
